
Microsoft Visual Studio Solution File, Format Version 12.00
# Visual Studio 15
VisualStudioVersion = 15.0.26124.0
MinimumVisualStudioVersion = 15.0.26124.0
Project("{2150E333-8FDC-42A3-9474-1A3956D46DE8}") = "test", "test", "{D9825A92-E386-491E-B8B0-67DEAF852AD3}"
EndProject
Project("{FAE04EC0-301F-11D3-BF4B-00C04F79EFBC}") = "Mayans.DomainTest", "test\Mayans.DomainTest\Mayans.DomainTest.csproj", "{A406F9BA-794F-455D-AE23-C148CA6A6365}"
EndProject
Project("{2150E333-8FDC-42A3-9474-1A3956D46DE8}") = "src", "src", "{770C866A-D4BF-47C6-AD13-D7F695A5CC66}"
EndProject
Project("{FAE04EC0-301F-11D3-BF4B-00C04F79EFBC}") = "Mayans.Api", "src\Mayans.Api\Mayans.Api.csproj", "{7A0B01DC-7FFB-4D47-8E44-611BE66FD037}"
EndProject
Project("{FAE04EC0-301F-11D3-BF4B-00C04F79EFBC}") = "Mayans.Domain", "src\Mayans.Domain\Mayans.Domain.csproj", "{3B2FE6D7-DDB0-4099-B668-EED3CFEDCEA6}"
EndProject
Global
	GlobalSection(SolutionConfigurationPlatforms) = preSolution
		Debug|Any CPU = Debug|Any CPU
		Debug|x64 = Debug|x64
		Debug|x86 = Debug|x86
		Release|Any CPU = Release|Any CPU
		Release|x64 = Release|x64
		Release|x86 = Release|x86
	EndGlobalSection
	GlobalSection(SolutionProperties) = preSolution
		HideSolutionNode = FALSE
	EndGlobalSection
	GlobalSection(ProjectConfigurationPlatforms) = postSolution
		{A406F9BA-794F-455D-AE23-C148CA6A6365}.Debug|Any CPU.ActiveCfg = Debug|Any CPU
		{A406F9BA-794F-455D-AE23-C148CA6A6365}.Debug|Any CPU.Build.0 = Debug|Any CPU
		{A406F9BA-794F-455D-AE23-C148CA6A6365}.Debug|x64.ActiveCfg = Debug|Any CPU
		{A406F9BA-794F-455D-AE23-C148CA6A6365}.Debug|x64.Build.0 = Debug|Any CPU
		{A406F9BA-794F-455D-AE23-C148CA6A6365}.Debug|x86.ActiveCfg = Debug|Any CPU
		{A406F9BA-794F-455D-AE23-C148CA6A6365}.Debug|x86.Build.0 = Debug|Any CPU
		{A406F9BA-794F-455D-AE23-C148CA6A6365}.Release|Any CPU.ActiveCfg = Release|Any CPU
		{A406F9BA-794F-455D-AE23-C148CA6A6365}.Release|Any CPU.Build.0 = Release|Any CPU
		{A406F9BA-794F-455D-AE23-C148CA6A6365}.Release|x64.ActiveCfg = Release|Any CPU
		{A406F9BA-794F-455D-AE23-C148CA6A6365}.Release|x64.Build.0 = Release|Any CPU
		{A406F9BA-794F-455D-AE23-C148CA6A6365}.Release|x86.ActiveCfg = Release|Any CPU
		{A406F9BA-794F-455D-AE23-C148CA6A6365}.Release|x86.Build.0 = Release|Any CPU
		{7A0B01DC-7FFB-4D47-8E44-611BE66FD037}.Debug|Any CPU.ActiveCfg = Debug|Any CPU
		{7A0B01DC-7FFB-4D47-8E44-611BE66FD037}.Debug|Any CPU.Build.0 = Debug|Any CPU
		{7A0B01DC-7FFB-4D47-8E44-611BE66FD037}.Debug|x64.ActiveCfg = Debug|Any CPU
		{7A0B01DC-7FFB-4D47-8E44-611BE66FD037}.Debug|x64.Build.0 = Debug|Any CPU
		{7A0B01DC-7FFB-4D47-8E44-611BE66FD037}.Debug|x86.ActiveCfg = Debug|Any CPU
		{7A0B01DC-7FFB-4D47-8E44-611BE66FD037}.Debug|x86.Build.0 = Debug|Any CPU
		{7A0B01DC-7FFB-4D47-8E44-611BE66FD037}.Release|Any CPU.ActiveCfg = Release|Any CPU
		{7A0B01DC-7FFB-4D47-8E44-611BE66FD037}.Release|Any CPU.Build.0 = Release|Any CPU
		{7A0B01DC-7FFB-4D47-8E44-611BE66FD037}.Release|x64.ActiveCfg = Release|Any CPU
		{7A0B01DC-7FFB-4D47-8E44-611BE66FD037}.Release|x64.Build.0 = Release|Any CPU
		{7A0B01DC-7FFB-4D47-8E44-611BE66FD037}.Release|x86.ActiveCfg = Release|Any CPU
		{7A0B01DC-7FFB-4D47-8E44-611BE66FD037}.Release|x86.Build.0 = Release|Any CPU
		{3B2FE6D7-DDB0-4099-B668-EED3CFEDCEA6}.Debug|Any CPU.ActiveCfg = Debug|Any CPU
		{3B2FE6D7-DDB0-4099-B668-EED3CFEDCEA6}.Debug|Any CPU.Build.0 = Debug|Any CPU
		{3B2FE6D7-DDB0-4099-B668-EED3CFEDCEA6}.Debug|x64.ActiveCfg = Debug|Any CPU
		{3B2FE6D7-DDB0-4099-B668-EED3CFEDCEA6}.Debug|x64.Build.0 = Debug|Any CPU
		{3B2FE6D7-DDB0-4099-B668-EED3CFEDCEA6}.Debug|x86.ActiveCfg = Debug|Any CPU
		{3B2FE6D7-DDB0-4099-B668-EED3CFEDCEA6}.Debug|x86.Build.0 = Debug|Any CPU
		{3B2FE6D7-DDB0-4099-B668-EED3CFEDCEA6}.Release|Any CPU.ActiveCfg = Release|Any CPU
		{3B2FE6D7-DDB0-4099-B668-EED3CFEDCEA6}.Release|Any CPU.Build.0 = Release|Any CPU
		{3B2FE6D7-DDB0-4099-B668-EED3CFEDCEA6}.Release|x64.ActiveCfg = Release|Any CPU
		{3B2FE6D7-DDB0-4099-B668-EED3CFEDCEA6}.Release|x64.Build.0 = Release|Any CPU
		{3B2FE6D7-DDB0-4099-B668-EED3CFEDCEA6}.Release|x86.ActiveCfg = Release|Any CPU
		{3B2FE6D7-DDB0-4099-B668-EED3CFEDCEA6}.Release|x86.Build.0 = Release|Any CPU
	EndGlobalSection
	GlobalSection(NestedProjects) = preSolution
		{A406F9BA-794F-455D-AE23-C148CA6A6365} = {D9825A92-E386-491E-B8B0-67DEAF852AD3}
		{7A0B01DC-7FFB-4D47-8E44-611BE66FD037} = {770C866A-D4BF-47C6-AD13-D7F695A5CC66}
		{3B2FE6D7-DDB0-4099-B668-EED3CFEDCEA6} = {770C866A-D4BF-47C6-AD13-D7F695A5CC66}
	EndGlobalSection
EndGlobal
